
Microsoft Visual Studio Solution File, Format Version 12.00
# Visual Studio Version 17
VisualStudioVersion = 17.3.32819.101
MinimumVisualStudioVersion = 10.0.40219.1
Project("{FAE04EC0-301F-11D3-BF4B-00C04F79EFBC}") = "Pharaoh", "Pharaoh.csproj", "{FE2219D9-1E94-4602-A31C-4410118EB391}"
EndProject
Global
	GlobalSection(SolutionConfigurationPlatforms) = preSolution
		Debug|Any CPU = Debug|Any CPU
		Release|Any CPU = Release|Any CPU
	EndGlobalSection
	GlobalSection(ProjectConfigurationPlatforms) = postSolution
		{FE2219D9-1E94-4602-A31C-4410118EB391}.Debug|Any CPU.ActiveCfg = Debug|Any CPU
		{FE2219D9-1E94-4602-A31C-4410118EB391}.Debug|Any CPU.Build.0 = Debug|Any CPU
		{FE2219D9-1E94-4602-A31C-4410118EB391}.Release|Any CPU.ActiveCfg = Release|Any CPU
		{FE2219D9-1E94-4602-A31C-4410118EB391}.Release|Any CPU.Build.0 = Release|Any CPU
	EndGlobalSection
	GlobalSection(SolutionProperties) = preSolution
		HideSolutionNode = FALSE
	EndGlobalSection
	GlobalSection(ExtensibilityGlobals) = postSolution
		SolutionGuid = {7534F5E5-E513-41E0-8AEF-087EAA255CD0}
	EndGlobalSection
EndGlobal
